
Microsoft Visual Studio Solution File, Format Version 12.00
# Visual Studio Version 17
VisualStudioVersion = 17.4.33122.133
MinimumVisualStudioVersion = 10.0.40219.1
Project("{FAE04EC0-301F-11D3-BF4B-00C04F79EFBC}") = "ObserverPatternSample", "ObserverPatternSample\ObserverPatternSample.csproj", "{52242FA2-641F-46EF-B3D7-8F7866E604CF}"
EndProject
Global
	GlobalSection(SolutionConfigurationPlatforms) = preSolution
		Debug|Any CPU = Debug|Any CPU
		Release|Any CPU = Release|Any CPU
	EndGlobalSection
	GlobalSection(ProjectConfigurationPlatforms) = postSolution
		{52242FA2-641F-46EF-B3D7-8F7866E604CF}.Debug|Any CPU.ActiveCfg = Debug|Any CPU
		{52242FA2-641F-46EF-B3D7-8F7866E604CF}.Debug|Any CPU.Build.0 = Debug|Any CPU
		{52242FA2-641F-46EF-B3D7-8F7866E604CF}.Release|Any CPU.ActiveCfg = Release|Any CPU
		{52242FA2-641F-46EF-B3D7-8F7866E604CF}.Release|Any CPU.Build.0 = Release|Any CPU
	EndGlobalSection
	GlobalSection(SolutionProperties) = preSolution
		HideSolutionNode = FALSE
	EndGlobalSection
	GlobalSection(ExtensibilityGlobals) = postSolution
		SolutionGuid = {B729D9FF-735E-4454-A8FE-8E4115B0CC66}
	EndGlobalSection
EndGlobal
